{
  "version": 4,
  "terraform_version": "0.12.28",
  "serial": 6,
  "lineage": "ebdf594f-759f-3548-c9fb-524f8e7cffb8",
  "outputs": {
    "url": {
      "value": "http://s3-nuxt-website.com.s3-website.eu-central-1.amazonaws.com",
      "type": "string"
    }
  },
  "resources": [
    {
      "mode": "managed",
      "type": "aws_appsync_graphql_api",
      "name": "aws_appsync_graphql_api_nuxt",
      "provider": "provider.aws",
      "instances": [
        {
          "schema_version": 0,
          "attributes": {
            "additional_authentication_provider": [],
            "arn": "arn:aws:appsync:eu-central-1:583372988851:apis/tti4rnkcljau3b6cfulxvemjzq",
            "authentication_type": "API_KEY",
            "id": "tti4rnkcljau3b6cfulxvemjzq",
            "log_config": [],
            "name": "AppSync GraphQL API",
            "openid_connect_config": [],
            "schema": null,
            "tags": {},
            "uris": {
              "GRAPHQL": "https://aqztjcze6bgznhfa2vxxrodj5y.appsync-api.eu-central-1.amazonaws.com/graphql",
              "REALTIME": "wss://aqztjcze6bgznhfa2vxxrodj5y.appsync-realtime-api.eu-central-1.amazonaws.com/graphql"
            },
            "user_pool_config": [],
            "xray_enabled": false
          },
          "private": "bnVsbA=="
        }
      ]
    },
    {
      "mode": "managed",
      "type": "aws_s3_bucket",
      "name": "aws_s3_bucket_nuxt_website",
      "provider": "provider.aws",
      "instances": [
        {
          "schema_version": 0,
          "attributes": {
            "acceleration_status": "",
            "acl": "public-read",
            "arn": "arn:aws:s3:::s3-nuxt-website.com",
            "bucket": "s3-nuxt-website.com",
            "bucket_domain_name": "s3-nuxt-website.com.s3.amazonaws.com",
            "bucket_prefix": null,
            "bucket_regional_domain_name": "s3-nuxt-website.com.s3.eu-central-1.amazonaws.com",
            "cors_rule": [],
            "force_destroy": false,
            "grant": [],
            "hosted_zone_id": "Z21DNDUVLTQW6Q",
            "id": "s3-nuxt-website.com",
            "lifecycle_rule": [],
            "logging": [],
            "object_lock_configuration": [],
            "policy": null,
            "region": "eu-central-1",
            "replication_configuration": [],
            "request_payer": "BucketOwner",
            "server_side_encryption_configuration": [],
            "tags": {},
            "versioning": [
              {
                "enabled": false,
                "mfa_delete": false
              }
            ],
            "website": [
              {
                "error_document": "",
                "index_document": "index.html",
                "redirect_all_requests_to": "",
                "routing_rules": ""
              }
            ],
            "website_domain": "s3-website.eu-central-1.amazonaws.com",
            "website_endpoint": "s3-nuxt-website.com.s3-website.eu-central-1.amazonaws.com"
          },
          "private": "bnVsbA=="
        }
      ]
    }
  ]
}
